{
    "name": "@contango/core-v2",
    "version": "1.0.0",
    "lockfileVersion": 3,
    "requires": true,
    "packages": {
        "": {
            "name": "@contango/core-v2",
            "version": "1.0.0",
            "license": "BUSL-1.1",
            "workspaces": [
                "sdk"
            ]
        },
        "node_modules/@contango-xyz/sdk": {
            "resolved": "sdk",
            "link": true
        },
        "sdk": {
            "name": "@contango-xyz/sdk",
            "version": "1.0.0",
            "license": "BUSL-1.1"
        }
    }
}
